{
  "name": "FuSC",
  "version": "2.0.0",
  "lockfileVersion": 1,
  "requires": true,
  "dependencies": {
    "typeface-merriweather": {
      "version": "0.0.40",
      "resolved": "https://registry.npmjs.org/typeface-merriweather/-/typeface-merriweather-0.0.40.tgz",
      "integrity": "sha512-kAXMDWa+Lpl67Rl+ypckLiStRJsttFJzwP/Ocq1qQlK+EdBrehyuo75pD6w3D56yS4SnJ0HX65Gjhr4z9yUY8w=="
    },
    "typeface-merriweather-sans": {
      "version": "0.0.40",
      "resolved": "https://registry.npmjs.org/typeface-merriweather-sans/-/typeface-merriweather-sans-0.0.40.tgz",
      "integrity": "sha512-xvZyzPx1/2guj9d/SQoYQLsG0Tfmz3cF12XK0iT5o+8uG5rJkD3O7t+VRZq5ygWl7KpUD98crkvs4hwC/dSEPg=="
    }
  }
}
